
Microsoft Visual Studio Solution File, Format Version 12.00
# Visual Studio Version 18
VisualStudioVersion = 18.7.11919.86
MinimumVisualStudioVersion = 10.0.40219.1
Project("{FAE04EC0-301F-11D3-BF4B-00C04F79EFBC}") = "ProductShop.Client", "ProductShop.Client\ProductShop.Client.csproj", "{4A058D91-ED9E-4A5F-A103-089377CE9379}"
EndProject
Project("{FAE04EC0-301F-11D3-BF4B-00C04F79EFBC}") = "ProductShop.Shared", "..\Api\ProductShop.Shared\ProductShop.Shared.csproj", "{7C6D2AA4-C3E2-4633-B873-9C18355665C6}"
EndProject
Project("{2150E333-8FDC-42A3-9474-1A3956D46DE8}") = "Shared", "Shared", "{4F52FD11-658E-A102-6CD3-7D7C16FFA15B}"
EndProject
Global
	GlobalSection(SolutionConfigurationPlatforms) = preSolution
		Debug|Any CPU = Debug|Any CPU
		Debug|x64 = Debug|x64
		Debug|x86 = Debug|x86
		Release|Any CPU = Release|Any CPU
		Release|x64 = Release|x64
		Release|x86 = Release|x86
	EndGlobalSection
	GlobalSection(ProjectConfigurationPlatforms) = postSolution
		{4A058D91-ED9E-4A5F-A103-089377CE9379}.Debug|Any CPU.ActiveCfg = Debug|Any CPU
		{4A058D91-ED9E-4A5F-A103-089377CE9379}.Debug|Any CPU.Build.0 = Debug|Any CPU
		{4A058D91-ED9E-4A5F-A103-089377CE9379}.Debug|x64.ActiveCfg = Debug|Any CPU
		{4A058D91-ED9E-4A5F-A103-089377CE9379}.Debug|x64.Build.0 = Debug|Any CPU
		{4A058D91-ED9E-4A5F-A103-089377CE9379}.Debug|x86.ActiveCfg = Debug|Any CPU
		{4A058D91-ED9E-4A5F-A103-089377CE9379}.Debug|x86.Build.0 = Debug|Any CPU
		{4A058D91-ED9E-4A5F-A103-089377CE9379}.Release|Any CPU.ActiveCfg = Release|Any CPU
		{4A058D91-ED9E-4A5F-A103-089377CE9379}.Release|Any CPU.Build.0 = Release|Any CPU
		{4A058D91-ED9E-4A5F-A103-089377CE9379}.Release|x64.ActiveCfg = Release|Any CPU
		{4A058D91-ED9E-4A5F-A103-089377CE9379}.Release|x64.Build.0 = Release|Any CPU
		{4A058D91-ED9E-4A5F-A103-089377CE9379}.Release|x86.ActiveCfg = Release|Any CPU
		{4A058D91-ED9E-4A5F-A103-089377CE9379}.Release|x86.Build.0 = Release|Any CPU
		{7C6D2AA4-C3E2-4633-B873-9C18355665C6}.Debug|Any CPU.ActiveCfg = Debug|Any CPU
		{7C6D2AA4-C3E2-4633-B873-9C18355665C6}.Debug|Any CPU.Build.0 = Debug|Any CPU
		{7C6D2AA4-C3E2-4633-B873-9C18355665C6}.Debug|x64.ActiveCfg = Debug|Any CPU
		{7C6D2AA4-C3E2-4633-B873-9C18355665C6}.Debug|x64.Build.0 = Debug|Any CPU
		{7C6D2AA4-C3E2-4633-B873-9C18355665C6}.Debug|x86.ActiveCfg = Debug|Any CPU
		{7C6D2AA4-C3E2-4633-B873-9C18355665C6}.Debug|x86.Build.0 = Debug|Any CPU
		{7C6D2AA4-C3E2-4633-B873-9C18355665C6}.Release|Any CPU.ActiveCfg = Release|Any CPU
		{7C6D2AA4-C3E2-4633-B873-9C18355665C6}.Release|Any CPU.Build.0 = Release|Any CPU
		{7C6D2AA4-C3E2-4633-B873-9C18355665C6}.Release|x64.ActiveCfg = Release|Any CPU
		{7C6D2AA4-C3E2-4633-B873-9C18355665C6}.Release|x64.Build.0 = Release|Any CPU
		{7C6D2AA4-C3E2-4633-B873-9C18355665C6}.Release|x86.ActiveCfg = Release|Any CPU
		{7C6D2AA4-C3E2-4633-B873-9C18355665C6}.Release|x86.Build.0 = Release|Any CPU
	EndGlobalSection
	GlobalSection(SolutionProperties) = preSolution
		HideSolutionNode = FALSE
	EndGlobalSection
EndGlobal
